{
  "nodes": {
    "flake-compat": {
      "flake": false,
      "locked": {
        "lastModified": 1733328505,
        "narHash": "sha256-NeCCThCEP3eCl2l/+27kNNK7QrwZB1IJCrXfrbv5oqU=",
        "owner": "edolstra",
        "repo": "flake-compat",
        "rev": "ff81ac966bb2cae68946d5ed5fc4994f96d0ffec",
        "type": "github"
      },
      "original": {
        "owner": "edolstra",
        "repo": "flake-compat",
        "type": "github"
      }
    },
    "home-manager": {
      "inputs": {
        "nixpkgs": [
          "nixpkgs"
        ]
      },
      "locked": {
        "lastModified": 1741563526,
        "narHash": "sha256-FAJ7jIwFq1gxbxS+cdhtTxFM8eLWgP0jQGaVIvA/bug=",
        "owner": "nix-community",
        "repo": "home-manager",
        "rev": "597f9c2f06af8791b31c48ad05471ac5afbd0f0a",
        "type": "github"
      },
      "original": {
        "owner": "nix-community",
        "repo": "home-manager",
        "type": "github"
      }
    },
    "nixos-wsl": {
      "inputs": {
        "flake-compat": "flake-compat",
        "nixpkgs": "nixpkgs"
      },
      "locked": {
        "lastModified": 1741192150,
        "narHash": "sha256-wB140alXVla1Rw/kENerUoma2qO1Jy5IYWbmiSqmJu0=",
        "owner": "nix-community",
        "repo": "NixOS-WSL",
        "rev": "0e4ccdb8181da2c6193c047b50ffee5f1a3b6dc1",
        "type": "github"
      },
      "original": {
        "owner": "nix-community",
        "ref": "main",
        "repo": "NixOS-WSL",
        "type": "github"
      }
    },
    "nixpkgs": {
      "locked": {
        "lastModified": 1740865531,
        "narHash": "sha256-h00vGIh/jxcGl8aWdfnVRD74KuLpyY3mZgMFMy7iKIc=",
        "owner": "NixOS",
        "repo": "nixpkgs",
        "rev": "5ef6c425980847c78a80d759abc476e941a9bf42",
        "type": "github"
      },
      "original": {
        "owner": "NixOS",
        "ref": "nixos-24.11",
        "repo": "nixpkgs",
        "type": "github"
      }
    },
    "nixpkgs-unstable": {
      "locked": {
        "lastModified": 1741402956,
        "narHash": "sha256-y2hByvBM03s9T2fpeLjW6iprbxnhV9mJMmSwCHc41ZQ=",
        "owner": "nixos",
        "repo": "nixpkgs",
        "rev": "ed0b1881565c1ffef490c10d663d4f542031dad3",
        "type": "github"
      },
      "original": {
        "owner": "nixos",
        "ref": "nixpkgs-unstable",
        "repo": "nixpkgs",
        "type": "github"
      }
    },
    "nixpkgs_2": {
      "locked": {
        "lastModified": 1741445498,
        "narHash": "sha256-F5Em0iv/CxkN5mZ9hRn3vPknpoWdcdCyR0e4WklHwiE=",
        "owner": "nixos",
        "repo": "nixpkgs",
        "rev": "52e3095f6d812b91b22fb7ad0bfc1ab416453634",
        "type": "github"
      },
      "original": {
        "owner": "nixos",
        "ref": "nixos-24.11",
        "repo": "nixpkgs",
        "type": "github"
      }
    },
    "root": {
      "inputs": {
        "home-manager": "home-manager",
        "nixos-wsl": "nixos-wsl",
        "nixpkgs": "nixpkgs_2",
        "nixpkgs-unstable": "nixpkgs-unstable"
      }
    }
  },
  "root": "root",
  "version": 7
}
